
Microsoft Visual Studio Solution File, Format Version 12.00
# Visual Studio 15
VisualStudioVersion = 15.0.28307.168
MinimumVisualStudioVersion = 10.0.40219.1
Project("{FAE04EC0-301F-11D3-BF4B-00C04F79EFBC}") = "BookExchange", "BookExchange\BookExchange.csproj", "{EDFA60B5-4FB4-410A-9114-6ABEC0A4E402}"
EndProject
Global
	GlobalSection(SolutionConfigurationPlatforms) = preSolution
		Debug|Any CPU = Debug|Any CPU
		Release|Any CPU = Release|Any CPU
	EndGlobalSection
	GlobalSection(ProjectConfigurationPlatforms) = postSolution
		{EDFA60B5-4FB4-410A-9114-6ABEC0A4E402}.Debug|Any CPU.ActiveCfg = Debug|Any CPU
		{EDFA60B5-4FB4-410A-9114-6ABEC0A4E402}.Debug|Any CPU.Build.0 = Debug|Any CPU
		{EDFA60B5-4FB4-410A-9114-6ABEC0A4E402}.Release|Any CPU.ActiveCfg = Release|Any CPU
		{EDFA60B5-4FB4-410A-9114-6ABEC0A4E402}.Release|Any CPU.Build.0 = Release|Any CPU
	EndGlobalSection
	GlobalSection(SolutionProperties) = preSolution
		HideSolutionNode = FALSE
	EndGlobalSection
	GlobalSection(ExtensibilityGlobals) = postSolution
		SolutionGuid = {CAB6A101-44ED-4E81-8F95-1D0A80868468}
	EndGlobalSection
EndGlobal
